
Microsoft Visual Studio Solution File, Format Version 12.00
Project("{2150E333-8FDC-42A3-9474-1A3956D46DE8}") = "Domain", "Domain", "{B3F6E577-9E54-47E0-B327-927416F6E103}"
EndProject
Project("{2150E333-8FDC-42A3-9474-1A3956D46DE8}") = "Microservices", "Microservices", "{AA4150A0-DB2D-4F48-AC14-B4F33DD8A43C}"
EndProject
Project("{2150E333-8FDC-42A3-9474-1A3956D46DE8}") = "Infra.Bus", "Infra.Bus", "{631258F0-7C39-4B7A-A021-7942DCE1FF35}"
EndProject
Project("{2150E333-8FDC-42A3-9474-1A3956D46DE8}") = "Infra.IoC", "Infra.IoC", "{D1EE1D53-C536-48FD-B4F0-11DA4B952BDC}"
EndProject
Project("{2150E333-8FDC-42A3-9474-1A3956D46DE8}") = "Presentation", "Presentation", "{1602D662-5BA2-447E-9EA2-BB7D47B3218D}"
EndProject
Project("{FAE04EC0-301F-11D3-BF4B-00C04F79EFBC}") = "MicroRabbit.Domain.Core", "MicroRabbit.Domain.Core\MicroRabbit.Domain.Core.csproj", "{12CC2495-6A28-49C7-A7B3-C2AD0B3ACBBE}"
EndProject
Project("{FAE04EC0-301F-11D3-BF4B-00C04F79EFBC}") = "MicroRabbit.Infra.Bus", "MicroRabbit.Infra.Bus\MicroRabbit.Infra.Bus.csproj", "{838A3CF7-4AAE-4A50-9A26-0A06F50C9B37}"
EndProject
Project("{FAE04EC0-301F-11D3-BF4B-00C04F79EFBC}") = "MicroRabbit.Infra.IoC", "MicroRabbit.Infra.IoC\MicroRabbit.Infra.IoC.csproj", "{F9CBA7BA-F750-49BC-9ECC-A1DDEB4FC9AC}"
EndProject
Global
	GlobalSection(SolutionConfigurationPlatforms) = preSolution
		Debug|Any CPU = Debug|Any CPU
		Release|Any CPU = Release|Any CPU
	EndGlobalSection
	GlobalSection(NestedProjects) = preSolution
		{12CC2495-6A28-49C7-A7B3-C2AD0B3ACBBE} = {B3F6E577-9E54-47E0-B327-927416F6E103}
		{838A3CF7-4AAE-4A50-9A26-0A06F50C9B37} = {631258F0-7C39-4B7A-A021-7942DCE1FF35}
		{F9CBA7BA-F750-49BC-9ECC-A1DDEB4FC9AC} = {D1EE1D53-C536-48FD-B4F0-11DA4B952BDC}
	EndGlobalSection
	GlobalSection(ProjectConfigurationPlatforms) = postSolution
		{12CC2495-6A28-49C7-A7B3-C2AD0B3ACBBE}.Debug|Any CPU.ActiveCfg = Debug|Any CPU
		{12CC2495-6A28-49C7-A7B3-C2AD0B3ACBBE}.Debug|Any CPU.Build.0 = Debug|Any CPU
		{12CC2495-6A28-49C7-A7B3-C2AD0B3ACBBE}.Release|Any CPU.ActiveCfg = Release|Any CPU
		{12CC2495-6A28-49C7-A7B3-C2AD0B3ACBBE}.Release|Any CPU.Build.0 = Release|Any CPU
		{838A3CF7-4AAE-4A50-9A26-0A06F50C9B37}.Debug|Any CPU.ActiveCfg = Debug|Any CPU
		{838A3CF7-4AAE-4A50-9A26-0A06F50C9B37}.Debug|Any CPU.Build.0 = Debug|Any CPU
		{838A3CF7-4AAE-4A50-9A26-0A06F50C9B37}.Release|Any CPU.ActiveCfg = Release|Any CPU
		{838A3CF7-4AAE-4A50-9A26-0A06F50C9B37}.Release|Any CPU.Build.0 = Release|Any CPU
		{F9CBA7BA-F750-49BC-9ECC-A1DDEB4FC9AC}.Debug|Any CPU.ActiveCfg = Debug|Any CPU
		{F9CBA7BA-F750-49BC-9ECC-A1DDEB4FC9AC}.Debug|Any CPU.Build.0 = Debug|Any CPU
		{F9CBA7BA-F750-49BC-9ECC-A1DDEB4FC9AC}.Release|Any CPU.ActiveCfg = Release|Any CPU
		{F9CBA7BA-F750-49BC-9ECC-A1DDEB4FC9AC}.Release|Any CPU.Build.0 = Release|Any CPU
	EndGlobalSection
EndGlobal
